{
  "pins" : [
    {
      "identity" : "kyugenericextensions",
      "kind" : "remoteSourceControl",
      "location" : "https://github.com/kyuuuyki/KyuGenericExtensions",
      "state" : {
        "revision" : "534913246c3be22efbff804d6113aee64b9abab1",
        "version" : "1.0.0"
      }
    }
  ],
  "version" : 2
}
